
Microsoft Visual Studio Solution File, Format Version 12.00
# Visual Studio Version 17
VisualStudioVersion = 17.0.31903.59
MinimumVisualStudioVersion = 10.0.40219.1
Project("{FAE04EC0-301F-11D3-BF4B-00C04F79EFBC}") = "FinBalancer.Api", "FinBalancer.Api\FinBalancer.Api.csproj", "{A76EAA5C-2560-4D25-93BD-1C982B40B54E}"
EndProject
Global
	GlobalSection(SolutionConfigurationPlatforms) = preSolution
		Debug|Any CPU = Debug|Any CPU
		Release|Any CPU = Release|Any CPU
	EndGlobalSection
	GlobalSection(SolutionProperties) = preSolution
		HideSolutionNode = FALSE
	EndGlobalSection
	GlobalSection(ProjectConfigurationPlatforms) = postSolution
		{A76EAA5C-2560-4D25-93BD-1C982B40B54E}.Debug|Any CPU.ActiveCfg = Debug|Any CPU
		{A76EAA5C-2560-4D25-93BD-1C982B40B54E}.Debug|Any CPU.Build.0 = Debug|Any CPU
		{A76EAA5C-2560-4D25-93BD-1C982B40B54E}.Release|Any CPU.ActiveCfg = Release|Any CPU
		{A76EAA5C-2560-4D25-93BD-1C982B40B54E}.Release|Any CPU.Build.0 = Release|Any CPU
	EndGlobalSection
EndGlobal
